
Microsoft Visual Studio Solution File, Format Version 12.00
# Visual Studio Version 16
VisualStudioVersion = 16.0.33423.256
MinimumVisualStudioVersion = 10.0.40219.1
Project("{FAE04EC0-301F-11D3-BF4B-00C04F79EFBC}") = "api-manager-creditcard", "api-manager-creditcard.csproj", "{B1AFE2D7-77C3-4CA9-9875-381D20EC4D58}"
EndProject
Global
	GlobalSection(SolutionConfigurationPlatforms) = preSolution
		Debug|Any CPU = Debug|Any CPU
		Release|Any CPU = Release|Any CPU
	EndGlobalSection
	GlobalSection(ProjectConfigurationPlatforms) = postSolution
		{B1AFE2D7-77C3-4CA9-9875-381D20EC4D58}.Debug|Any CPU.ActiveCfg = Debug|Any CPU
		{B1AFE2D7-77C3-4CA9-9875-381D20EC4D58}.Debug|Any CPU.Build.0 = Debug|Any CPU
		{B1AFE2D7-77C3-4CA9-9875-381D20EC4D58}.Release|Any CPU.ActiveCfg = Release|Any CPU
		{B1AFE2D7-77C3-4CA9-9875-381D20EC4D58}.Release|Any CPU.Build.0 = Release|Any CPU
	EndGlobalSection
	GlobalSection(SolutionProperties) = preSolution
		HideSolutionNode = FALSE
	EndGlobalSection
	GlobalSection(ExtensibilityGlobals) = postSolution
		SolutionGuid = {8F0C3276-B7C6-4464-AEF0-9827C8A69D6B}
	EndGlobalSection
EndGlobal
